
Microsoft Visual Studio Solution File, Format Version 10.00
# Visual Studio 2008
Project("{FAE04EC0-301F-11D3-BF4B-00C04F79EFBC}") = "FluentDataAnnotations", "FluentDataAnnotations\FluentDataAnnotations.csproj", "{8D1114E3-AF8D-4924-9679-CB8F95306ACE}"
EndProject
Project("{FAE04EC0-301F-11D3-BF4B-00C04F79EFBC}") = "FluentDataAnnotations.Tests", "FluentDataAnnotations.Tests\FluentDataAnnotations.Tests.csproj", "{166B86CD-EF51-4F0F-970D-85F47838EA51}"
EndProject
Project("{2150E333-8FDC-42A3-9474-1A3956D46DE8}") = "Solution Items", "Solution Items", "{4B13EF8A-F635-41A1-82FA-B5D363813264}"
EndProject
Project("{FAE04EC0-301F-11D3-BF4B-00C04F79EFBC}") = "FluentDataAnnotations.RiaServices", "FluentDataAnnotations.RiaServices\FluentDataAnnotations.RiaServices.csproj", "{6602EBFD-A7C4-4E75-B9BB-2C062622C0E4}"
EndProject
Project("{FAE04EC0-301F-11D3-BF4B-00C04F79EFBC}") = "FluentDataAnnotations.xVal", "FluentDataAnnotations.xVal\FluentDataAnnotations.xVal.csproj", "{3B7D6E7E-246A-4DF3-B53E-AE258B897EDA}"
EndProject
Global
	GlobalSection(SolutionConfigurationPlatforms) = preSolution
		Debug|Any CPU = Debug|Any CPU
		Release|Any CPU = Release|Any CPU
	EndGlobalSection
	GlobalSection(ProjectConfigurationPlatforms) = postSolution
		{8D1114E3-AF8D-4924-9679-CB8F95306ACE}.Debug|Any CPU.ActiveCfg = Debug|Any CPU
		{8D1114E3-AF8D-4924-9679-CB8F95306ACE}.Debug|Any CPU.Build.0 = Debug|Any CPU
		{8D1114E3-AF8D-4924-9679-CB8F95306ACE}.Release|Any CPU.ActiveCfg = Release|Any CPU
		{8D1114E3-AF8D-4924-9679-CB8F95306ACE}.Release|Any CPU.Build.0 = Release|Any CPU
		{166B86CD-EF51-4F0F-970D-85F47838EA51}.Debug|Any CPU.ActiveCfg = Debug|Any CPU
		{166B86CD-EF51-4F0F-970D-85F47838EA51}.Debug|Any CPU.Build.0 = Debug|Any CPU
		{166B86CD-EF51-4F0F-970D-85F47838EA51}.Release|Any CPU.ActiveCfg = Release|Any CPU
		{166B86CD-EF51-4F0F-970D-85F47838EA51}.Release|Any CPU.Build.0 = Release|Any CPU
		{6602EBFD-A7C4-4E75-B9BB-2C062622C0E4}.Debug|Any CPU.ActiveCfg = Debug|Any CPU
		{6602EBFD-A7C4-4E75-B9BB-2C062622C0E4}.Debug|Any CPU.Build.0 = Debug|Any CPU
		{6602EBFD-A7C4-4E75-B9BB-2C062622C0E4}.Release|Any CPU.ActiveCfg = Release|Any CPU
		{6602EBFD-A7C4-4E75-B9BB-2C062622C0E4}.Release|Any CPU.Build.0 = Release|Any CPU
		{3B7D6E7E-246A-4DF3-B53E-AE258B897EDA}.Debug|Any CPU.ActiveCfg = Debug|Any CPU
		{3B7D6E7E-246A-4DF3-B53E-AE258B897EDA}.Debug|Any CPU.Build.0 = Debug|Any CPU
		{3B7D6E7E-246A-4DF3-B53E-AE258B897EDA}.Release|Any CPU.ActiveCfg = Release|Any CPU
		{3B7D6E7E-246A-4DF3-B53E-AE258B897EDA}.Release|Any CPU.Build.0 = Release|Any CPU
	EndGlobalSection
	GlobalSection(SolutionProperties) = preSolution
		HideSolutionNode = FALSE
	EndGlobalSection
EndGlobal
